
Microsoft Visual Studio Solution File, Format Version 12.00
# Visual Studio Version 16
VisualStudioVersion = 16.0.31410.357
MinimumVisualStudioVersion = 10.0.40219.1
Project("{8BC9CEB8-8B4A-11D0-8D11-00A0C91BC942}") = "UpdateVersion", "UpdateVersion.vcxproj", "{07639664-848C-44B2-9488-E10ABC50EFAF}"
EndProject
Global
	GlobalSection(SolutionConfigurationPlatforms) = preSolution
		Debug|Win32 = Debug|Win32
		Debug|x64 = Debug|x64
		Release|Win32 = Release|Win32
		Release|x64 = Release|x64
	EndGlobalSection
	GlobalSection(ProjectConfigurationPlatforms) = postSolution
		{07639664-848C-44B2-9488-E10ABC50EFAF}.Debug|Win32.ActiveCfg = Debug|Win32
		{07639664-848C-44B2-9488-E10ABC50EFAF}.Debug|Win32.Build.0 = Debug|Win32
		{07639664-848C-44B2-9488-E10ABC50EFAF}.Debug|x64.ActiveCfg = Debug|x64
		{07639664-848C-44B2-9488-E10ABC50EFAF}.Debug|x64.Build.0 = Debug|x64
		{07639664-848C-44B2-9488-E10ABC50EFAF}.Release|Win32.ActiveCfg = Release|Win32
		{07639664-848C-44B2-9488-E10ABC50EFAF}.Release|Win32.Build.0 = Release|Win32
		{07639664-848C-44B2-9488-E10ABC50EFAF}.Release|x64.ActiveCfg = Release|x64
		{07639664-848C-44B2-9488-E10ABC50EFAF}.Release|x64.Build.0 = Release|x64
	EndGlobalSection
	GlobalSection(SolutionProperties) = preSolution
		HideSolutionNode = FALSE
	EndGlobalSection
	GlobalSection(ExtensibilityGlobals) = postSolution
		SolutionGuid = {26EB1E92-0B4D-4F3B-A995-B69E8AA4E2CA}
	EndGlobalSection
EndGlobal
